
Microsoft Visual Studio Solution File, Format Version 12.00
# Visual Studio Version 17
VisualStudioVersion = 17.0.32112.339
MinimumVisualStudioVersion = 10.0.40219.1
Project("{9A19103F-16F7-4668-BE54-9A1E7A4F7556}") = "RV.Chess.Board", "RV.Chess.Board\RV.Chess.Board.csproj", "{979E78E7-A8EB-4103-9EC4-0709DD8307CC}"
EndProject
Project("{9A19103F-16F7-4668-BE54-9A1E7A4F7556}") = "RV.Chess.Board.Tests", "RV.Chess.Board.Tests\RV.Chess.Board.Tests.csproj", "{B802AC96-8B8D-4A46-8F0E-AF6AC65CA164}"
EndProject
Project("{9A19103F-16F7-4668-BE54-9A1E7A4F7556}") = "RV.Chess.PGN", "RV.Chess.PGN\RV.Chess.PGN.csproj", "{57ACC7BA-B9D8-4AD0-A853-B643B1067ECF}"
EndProject
Project("{9A19103F-16F7-4668-BE54-9A1E7A4F7556}") = "RV.Chess.PGN.Tests", "RV.Chess.PGN.Tests\RV.Chess.PGN.Tests.csproj", "{1B4CB866-9996-43EC-B831-99999A1D0E14}"
EndProject
Project("{FAE04EC0-301F-11D3-BF4B-00C04F79EFBC}") = "RV.Chess.PerfomanceTests", "RV.Chess.PerfomanceTests\RV.Chess.PerfomanceTests.csproj", "{71B3F52F-9DCC-4971-9106-9BC3E8A178C2}"
EndProject
Global
	GlobalSection(SolutionConfigurationPlatforms) = preSolution
		Debug|Any CPU = Debug|Any CPU
		Release|Any CPU = Release|Any CPU
	EndGlobalSection
	GlobalSection(ProjectConfigurationPlatforms) = postSolution
		{979E78E7-A8EB-4103-9EC4-0709DD8307CC}.Debug|Any CPU.ActiveCfg = Debug|Any CPU
		{979E78E7-A8EB-4103-9EC4-0709DD8307CC}.Debug|Any CPU.Build.0 = Debug|Any CPU
		{979E78E7-A8EB-4103-9EC4-0709DD8307CC}.Release|Any CPU.ActiveCfg = Release|Any CPU
		{979E78E7-A8EB-4103-9EC4-0709DD8307CC}.Release|Any CPU.Build.0 = Release|Any CPU
		{B802AC96-8B8D-4A46-8F0E-AF6AC65CA164}.Debug|Any CPU.ActiveCfg = Debug|Any CPU
		{B802AC96-8B8D-4A46-8F0E-AF6AC65CA164}.Debug|Any CPU.Build.0 = Debug|Any CPU
		{B802AC96-8B8D-4A46-8F0E-AF6AC65CA164}.Release|Any CPU.ActiveCfg = Release|Any CPU
		{B802AC96-8B8D-4A46-8F0E-AF6AC65CA164}.Release|Any CPU.Build.0 = Release|Any CPU
		{57ACC7BA-B9D8-4AD0-A853-B643B1067ECF}.Debug|Any CPU.ActiveCfg = Debug|Any CPU
		{57ACC7BA-B9D8-4AD0-A853-B643B1067ECF}.Debug|Any CPU.Build.0 = Debug|Any CPU
		{57ACC7BA-B9D8-4AD0-A853-B643B1067ECF}.Release|Any CPU.ActiveCfg = Release|Any CPU
		{57ACC7BA-B9D8-4AD0-A853-B643B1067ECF}.Release|Any CPU.Build.0 = Release|Any CPU
		{1B4CB866-9996-43EC-B831-99999A1D0E14}.Debug|Any CPU.ActiveCfg = Debug|Any CPU
		{1B4CB866-9996-43EC-B831-99999A1D0E14}.Debug|Any CPU.Build.0 = Debug|Any CPU
		{1B4CB866-9996-43EC-B831-99999A1D0E14}.Release|Any CPU.ActiveCfg = Release|Any CPU
		{1B4CB866-9996-43EC-B831-99999A1D0E14}.Release|Any CPU.Build.0 = Release|Any CPU
		{71B3F52F-9DCC-4971-9106-9BC3E8A178C2}.Debug|Any CPU.ActiveCfg = Debug|Any CPU
		{71B3F52F-9DCC-4971-9106-9BC3E8A178C2}.Debug|Any CPU.Build.0 = Debug|Any CPU
		{71B3F52F-9DCC-4971-9106-9BC3E8A178C2}.Release|Any CPU.ActiveCfg = Release|Any CPU
		{71B3F52F-9DCC-4971-9106-9BC3E8A178C2}.Release|Any CPU.Build.0 = Release|Any CPU
	EndGlobalSection
	GlobalSection(SolutionProperties) = preSolution
		HideSolutionNode = FALSE
	EndGlobalSection
	GlobalSection(ExtensibilityGlobals) = postSolution
		SolutionGuid = {0CFB5303-9252-40CB-B197-55071E0697BC}
	EndGlobalSection
EndGlobal
